{
  "version": "5",
  "specifiers": {
    "npm:@types/node@*": "22.12.0"
  },
  "npm": {
    "@types/node@22.12.0": {
      "integrity": "sha512-Fll2FZ1riMjNmlmJOdAyY5pUbkftXslB5DgEzlIuNaiWhXd00FhWxVC/r4yV/4wBb9JfImTu+jiSvXTkJ7F/gA==",
      "dependencies": [
        "undici-types"
      ]
    },
    "undici-types@6.20.0": {
      "integrity": "sha512-Ny6QZ2Nju20vw1SRHe3d9jVu6gJ+4e3+MMpqu7pqE5HT6WsTSlce++GQmK5UXS8mzV8DSYHrQH+Xrf2jVcuKNg=="
    }
  },
  "redirects": {
    "https://esm.sh/@supabase/node-fetch@^2.6.14?target=denonext": "https://esm.sh/@supabase/node-fetch@2.6.15?target=denonext",
    "https://esm.sh/@types/ws@~8.18.1/index.d.mts": "https://esm.sh/@types/ws@8.18.1/index.d.mts",
    "https://esm.sh/bufferutil@^4.0.1?target=denonext": "https://esm.sh/bufferutil@4.0.9?target=denonext",
    "https://esm.sh/node-gyp-build@^4.3.0?target=denonext": "https://esm.sh/node-gyp-build@4.8.4?target=denonext",
    "https://esm.sh/tr46@~0.0.3?target=denonext": "https://esm.sh/tr46@0.0.3?target=denonext",
    "https://esm.sh/utf-8-validate@%3E=5.0.2?target=denonext": "https://esm.sh/utf-8-validate@6.0.5?target=denonext",
    "https://esm.sh/webidl-conversions@^3.0.0?target=denonext": "https://esm.sh/webidl-conversions@3.0.1?target=denonext",
    "https://esm.sh/whatwg-url@^5.0.0?target=denonext": "https://esm.sh/whatwg-url@5.0.0?target=denonext",
    "https://esm.sh/ws@^8.14.2?target=denonext": "https://esm.sh/ws@8.18.2?target=denonext"
  },
  "remote": {
    "https://deno.land/std@0.177.0/async/abortable.ts": "73acfb3ed7261ce0d930dbe89e43db8d34e017b063cf0eaa7d215477bf53442e",
    "https://deno.land/std@0.177.0/async/deadline.ts": "c5facb0b404eede83e38bd2717ea8ab34faa2ffb20ef87fd261fcba32ba307aa",
    "https://deno.land/std@0.177.0/async/debounce.ts": "adab11d04ca38d699444ac8a9d9856b4155e8dda2afd07ce78276c01ea5a4332",
    "https://deno.land/std@0.177.0/async/deferred.ts": "42790112f36a75a57db4a96d33974a936deb7b04d25c6084a9fa8a49f135def8",
    "https://deno.land/std@0.177.0/async/delay.ts": "73aa04cec034c84fc748c7be49bb15cac3dd43a57174bfdb7a4aec22c248f0dd",
    "https://deno.land/std@0.177.0/async/mod.ts": "f04344fa21738e5ad6bea37a6bfffd57c617c2d372bb9f9dcfd118a1b622e576",
    "https://deno.land/std@0.177.0/async/mux_async_iterator.ts": "70c7f2ee4e9466161350473ad61cac0b9f115cff4c552eaa7ef9d50c4cbb4cc9",
    "https://deno.land/std@0.177.0/async/pool.ts": "fd082bd4aaf26445909889435a5c74334c017847842ec035739b4ae637ae8260",
    "https://deno.land/std@0.177.0/async/retry.ts": "5efa3ba450ac0c07a40a82e2df296287b5013755d232049efd7ea2244f15b20f",
    "https://deno.land/std@0.177.0/async/tee.ts": "47e42d35f622650b02234d43803d0383a89eb4387e1b83b5a40106d18ae36757",
    "https://deno.land/std@0.177.0/http/server.ts": "cbb17b594651215ba95c01a395700684e569c165a567e4e04bba327f41197433",
    "https://esm.sh/@supabase/functions-js@2.1.5/denonext/functions-js.mjs": "e6c31ad2262a84ed55da33f4a253a9ec5cd5cc41a6b4393b5ab9b0a108a2e9a8",
    "https://esm.sh/@supabase/gotrue-js@2.62.2/denonext/gotrue-js.mjs": "d3dd1c95a023b518efab9fc1fb8fa172458864a4e0f4a95b5e77f8a0df526054",
    "https://esm.sh/@supabase/node-fetch@2.6.15/denonext/node-fetch.mjs": "0bae9052231f4f6dbccc7234d05ea96923dbf967be12f402764580b6bf9f713d",
    "https://esm.sh/@supabase/node-fetch@2.6.15?target=denonext": "4d28c4ad97328403184353f68434f2b6973971507919e9150297413664919cf3",
    "https://esm.sh/@supabase/postgrest-js@1.9.2/denonext/postgrest-js.mjs": "216c149bc04130518774d10fcf2df5d1c1369d985fee7fe942840f6f77459e27",
    "https://esm.sh/@supabase/realtime-js@2.9.3/denonext/realtime-js.mjs": "aac782e4fcf8d2e2f4b2592f566a0324b19b0262a2938a0c8ce546c681faef14",
    "https://esm.sh/@supabase/storage-js@2.5.5/denonext/storage-js.mjs": "a952ba6fdc889a4ae8d671ce4d1a152702c1caa3158eb2269a0208b091856075",
    "https://esm.sh/@supabase/supabase-js@2.39.8": "5cb81f5217dda9564abd7d7d6211484d30441d41a113954d5904bcd0ef1007e0",
    "https://esm.sh/@supabase/supabase-js@2.39.8/denonext/supabase-js.mjs": "1a4d0e38fed110fef252639a51247066a642e855794bea026efb26e5ed55abd8",
    "https://esm.sh/bufferutil@4.0.9/denonext/bufferutil.mjs": "13dca4d5bb2c68cbe119f880fa3bd785b9a81a8e02e0834dae604b4b85295cd8",
    "https://esm.sh/bufferutil@4.0.9?target=denonext": "e32574569ab438facfcc3f412c659b0719bbf05477136ca176938c9a3ac45125",
    "https://esm.sh/node-gyp-build@4.8.4/denonext/node-gyp-build.mjs": "9a86f2d044fc77bd60aaa3d697c2ba1b818da5fb1b9aaeedec59a40b8e908803",
    "https://esm.sh/node-gyp-build@4.8.4?target=denonext": "261a6cedf1fdbf159798141ba1e2311ac1510682c5c8b55dacc8cf5fdee4aa06",
    "https://esm.sh/openai@4.40.0": "fe3884fae43b5f952df77ad6c437593aac762df9495693513539b27a59f592d8",
    "https://esm.sh/openai@4.40.0/denonext/_shims/MultipartBody.mjs": "21df91c77b3569f74f4c1887680d845d932f51544a1d44967d15e14cbcd86571",
    "https://esm.sh/openai@4.40.0/denonext/_shims/auto/runtime.mjs": "e8d981a34577a22092a3034c26e0e88ab3c6984e4d63ee7741d9fc6c10faeb37",
    "https://esm.sh/openai@4.40.0/denonext/_shims/index.mjs": "905bc830a57a3783069dfe174b35b9a91037d0837687ebfd7b3cd44a7e7b4abf",
    "https://esm.sh/openai@4.40.0/denonext/_shims/registry.mjs": "395a9a7d2fb31f5b9d495bdfe42204a59c4506b1b107d6f85054bf8795dc395a",
    "https://esm.sh/openai@4.40.0/denonext/_shims/web-runtime.mjs": "6d5f402c723ad3f5c52436bcca6bf2230d106ecaf6b326b9a5ba612ae8780c1e",
    "https://esm.sh/openai@4.40.0/denonext/core.mjs": "f5edad25435fd3362e959c15d110dff1c3f220faa89f7c650e9aaba8861bcfba",
    "https://esm.sh/openai@4.40.0/denonext/error.mjs": "3c0ac18d9663bde291aa5276b9fd0948131e1f544a31dfa1e5af9ee4b14084cf",
    "https://esm.sh/openai@4.40.0/denonext/lib/AbstractAssistantStreamRunner.mjs": "fb7e3b153c565e2961a83518cf31ae024113e1dfd4f2fa97ccc73bf7bc97eb58",
    "https://esm.sh/openai@4.40.0/denonext/lib/AbstractChatCompletionRunner.mjs": "79759ff50ff27530b7ff71dc65458fc5633edc95d2d23d570192099568cc8372",
    "https://esm.sh/openai@4.40.0/denonext/lib/AssistantStream.mjs": "f06d834a475d373e057d7d2d8f7a25809f34ee5fd7555e54b433c3a4d7ab9875",
    "https://esm.sh/openai@4.40.0/denonext/lib/ChatCompletionRunner.mjs": "9beda8017470f2a32043eb9b75879bb0fbd1c8abfa93cbc49cddcb20967093b3",
    "https://esm.sh/openai@4.40.0/denonext/lib/ChatCompletionStream.mjs": "5efb1b60c4529e5a87d714bf98f7c05187dbe4dc6d3909da869c86f8cb2b3992",
    "https://esm.sh/openai@4.40.0/denonext/lib/ChatCompletionStreamingRunner.mjs": "9d96182fd3ed807fa14045ee1778b295a9a6e93c3712da44a5b6178e99c5120c",
    "https://esm.sh/openai@4.40.0/denonext/lib/RunnableFunction.mjs": "4ba5037577e7d37200da0b6ddfd447993130d8262c21ec6a813c4dd7221f78e3",
    "https://esm.sh/openai@4.40.0/denonext/lib/Util.mjs": "c802ffcb23c8ab4adb93eadf5d6c21fb2e7529fe68805b0f07c991013124b703",
    "https://esm.sh/openai@4.40.0/denonext/lib/chatCompletionUtils.mjs": "807c449c112065066eaf3925d0efd8d513885b000a7c1899162d80521b01f600",
    "https://esm.sh/openai@4.40.0/denonext/openai.mjs": "d1a4684879c960b083731f7167575cab779f92c46c15e6fed517e90fe5f9c73f",
    "https://esm.sh/openai@4.40.0/denonext/pagination.mjs": "2bb7c0d3458b4270ec93b527dd9880914f1683b92d391d97a8254c14231588da",
    "https://esm.sh/openai@4.40.0/denonext/resource.mjs": "f036387cfd9eefb6e582b36fb373fe4890f4e7d76da80131c317f4400faf2315",
    "https://esm.sh/openai@4.40.0/denonext/resources/audio/audio.mjs": "1916ed2b26cd2b1e42adb616541b1e3f041a48d71027e9c1e0c68e6aa0947dbe",
    "https://esm.sh/openai@4.40.0/denonext/resources/audio/speech.mjs": "9aa8f699609edbda46e0cfa3b0c68ff467d328588909aedccfa48cba1c28b51d",
    "https://esm.sh/openai@4.40.0/denonext/resources/audio/transcriptions.mjs": "a5012dc1e27ee03353b8e3a7d999180bec79b09938091f5438eaff6c6185efb0",
    "https://esm.sh/openai@4.40.0/denonext/resources/audio/translations.mjs": "6775c376dc68e1da218b0643f6d87ce0b88af6a1b7ec7b40788f66376b0bb278",
    "https://esm.sh/openai@4.40.0/denonext/resources/batches.mjs": "3cdd21c34f192dba37a0468353ecf1c51cf90d889fe4f76eee258446e94d9027",
    "https://esm.sh/openai@4.40.0/denonext/resources/beta/assistants.mjs": "f4492b14192c35560b0ac265183d3abf260a7c6951055085003f175a40debe27",
    "https://esm.sh/openai@4.40.0/denonext/resources/beta/beta.mjs": "ea4975704c5b7319ea4cd3aff59a4c6f0f535fcc7a615d478a8722214bf9f20a",
    "https://esm.sh/openai@4.40.0/denonext/resources/beta/chat/chat.mjs": "e5368155d34fda4615ba8462d59b60d404e235a916334dcc0403192eceda1a64",
    "https://esm.sh/openai@4.40.0/denonext/resources/beta/chat/completions.mjs": "231588792e0b227aa133b92b626f0f0f2e35bfa238f453df5a5f69466916a191",
    "https://esm.sh/openai@4.40.0/denonext/resources/beta/threads/messages.mjs": "8b5ee07bd95df74c42361b87f781feff3c4b9f52bf1b30629412c86d7f3e185d",
    "https://esm.sh/openai@4.40.0/denonext/resources/beta/threads/runs/runs.mjs": "527de51a130a07217c9cb3c337912b73c073d9e75b3c798a8fb3d715d344b6ec",
    "https://esm.sh/openai@4.40.0/denonext/resources/beta/threads/runs/steps.mjs": "1893601c8a8cd3c31e970724b35a34b05cf721acd2fa341213688d61474658f1",
    "https://esm.sh/openai@4.40.0/denonext/resources/beta/threads/threads.mjs": "f482c6509ea58ce76f1b38d976c339b8b161c5b3e22eb303c63a2a1d2c38cbed",
    "https://esm.sh/openai@4.40.0/denonext/resources/beta/vector-stores/file-batches.mjs": "ba68966021495ecfdd2e9f5622b9902ea2257152777b227ccd09a92eaf6be2df",
    "https://esm.sh/openai@4.40.0/denonext/resources/beta/vector-stores/files.mjs": "e0f5099c5e1b6347c8a29db0d584d4ffda54af9e9aa00e2fb95e16bda7ec9786",
    "https://esm.sh/openai@4.40.0/denonext/resources/beta/vector-stores/vector-stores.mjs": "0963be1b840782482f9ad07fd8e3daeb2b6f37dc33b4e362c0c528ea6b1f1033",
    "https://esm.sh/openai@4.40.0/denonext/resources/chat/chat.mjs": "16d7d2236353680f135e94a2a54a01a92f9f047e3f8ea489a4f6ef3b860286ef",
    "https://esm.sh/openai@4.40.0/denonext/resources/chat/completions.mjs": "6d0e6dfff54a2f579557f79d3c60d44497327c9716f33086b90a45663470a4aa",
    "https://esm.sh/openai@4.40.0/denonext/resources/chat/index.mjs": "49cb91d429d4b1f13eccc0b690bbf73874996aa63f054e71e972c030169b3ded",
    "https://esm.sh/openai@4.40.0/denonext/resources/completions.mjs": "35f81d4a3bcbd926cda3ade4dd2b6d944f265dfda98018bdaee56b61c9898225",
    "https://esm.sh/openai@4.40.0/denonext/resources/embeddings.mjs": "590eeedc0bc8513067465631e13c35b014bca6c257b066dc2461765fc0842b39",
    "https://esm.sh/openai@4.40.0/denonext/resources/files.mjs": "507e6635635b744f9537a500cf46328ef40f2ef59ce9653b52ec20e561aaf204",
    "https://esm.sh/openai@4.40.0/denonext/resources/fine-tuning/fine-tuning.mjs": "a9063123374291fe4c3d214dea07d65a19daa59fe42bd7258a9ab911786658a9",
    "https://esm.sh/openai@4.40.0/denonext/resources/fine-tuning/jobs/checkpoints.mjs": "a41113d3a272b023b724181bb2ce854b6dd1046a66efc04c4d387c317873d91b",
    "https://esm.sh/openai@4.40.0/denonext/resources/fine-tuning/jobs/jobs.mjs": "8867c9c2eff9efa529f18a0f2ee16bbf4cd4fedf8017b67076bee068410792df",
    "https://esm.sh/openai@4.40.0/denonext/resources/images.mjs": "05bded212d08936b92af91d8b9ae4750c27609352d975592e2fe56eb922bf24e",
    "https://esm.sh/openai@4.40.0/denonext/resources/index.mjs": "f7d28d63e54ca98a510c059d6ddb536a7eb1436cc921ba7cb8a71b5e84ed675a",
    "https://esm.sh/openai@4.40.0/denonext/resources/models.mjs": "253d74b463c462a2c21dc1b1f637b7df0d52c8fc7144e42355bf18674a358ee1",
    "https://esm.sh/openai@4.40.0/denonext/resources/moderations.mjs": "75dbd925bb4b0536e6015e50bdcf6da520767109f09bffe7f61d895e3931f6ed",
    "https://esm.sh/openai@4.40.0/denonext/resources/shared.mjs": "1564944b13a20c606c1e9e9b30d2fb2c7c88187b11c47d420bd5b0ef8766b413",
    "https://esm.sh/openai@4.40.0/denonext/streaming.mjs": "54f67acf77b0740f6f5333efffe9f93d09a4607dd7f28da7f4ca4ff34f7fb1a6",
    "https://esm.sh/openai@4.40.0/denonext/uploads.mjs": "127181fdb46e1e0192c4c14877974504fd7e1fd63d1edc39d9c97c90b97fee5b",
    "https://esm.sh/openai@4.40.0/denonext/version.mjs": "77a02f936a7ab45f1ef11dca30b54c4592e5b05287743fb89eda610192d03feb",
    "https://esm.sh/tr46@0.0.3/denonext/tr46.mjs": "5753ec0a99414f4055f0c1f97691100f13d88e48a8443b00aebb90a512785fa2",
    "https://esm.sh/tr46@0.0.3?target=denonext": "19cb9be0f0d418a0c3abb81f2df31f080e9540a04e43b0f699bce1149cba0cbb",
    "https://esm.sh/utf-8-validate@6.0.5/denonext/utf-8-validate.mjs": "66b8ea532a0c745068f5b96ddb1bae332c3036703243541d2e89e66331974d98",
    "https://esm.sh/utf-8-validate@6.0.5?target=denonext": "071bc33ba1a58297e23a34d69dd589fd06df04b0f373b382ff5da544a623f271",
    "https://esm.sh/webidl-conversions@3.0.1/denonext/webidl-conversions.mjs": "54b5c2d50a294853c4ccebf9d5ed8988c94f4e24e463d84ec859a866ea5fafec",
    "https://esm.sh/webidl-conversions@3.0.1?target=denonext": "4e20318d50528084616c79d7b3f6e7f0fe7b6d09013bd01b3974d7448d767e29",
    "https://esm.sh/whatwg-url@5.0.0/denonext/whatwg-url.mjs": "29b16d74ee72624c915745bbd25b617cfd2248c6af0f5120d131e232a9a9af79",
    "https://esm.sh/whatwg-url@5.0.0?target=denonext": "f001a2cadf81312d214ca330033f474e74d81a003e21e8c5d70a1f46dc97b02d",
    "https://esm.sh/ws@8.18.2/denonext/ws.mjs": "b9211ecb1511b09f418c1330920c66800b66710b2cd2997b64b7e0525bd895d2",
    "https://esm.sh/ws@8.18.2?target=denonext": "2ee7b1bb11543dda3e7e1c685ad8599b6f18aea785302374c3def5da468a1e51"
  }
}
